Microsoft Visual Studio Solution File, Format Version 12.00
# Visual Studio Version 17
VisualStudioVersion = 17.0.31903.59
MinimumVisualStudioVersion = 10.0.40219.1
Project("{FAE04EC0-301F-11D3-BF4B-00C04F79EFBC}") = "TaskCopy", "src\TaskCopy\TaskCopy.csproj", "{8A3F0E10-7E47-4A2B-9C84-7F3B6E7A1B12}"
EndProject
Project("{FAE04EC0-301F-11D3-BF4B-00C04F79EFBC}") = "TaskCopy.Tests", "tests\TaskCopy.Tests\TaskCopy.Tests.csproj", "{A45C3D84-FAFA-4D18-833D-4C54E53E8893}"
EndProject
Global
	GlobalSection(SolutionConfigurationPlatforms) = preSolution
		Debug|Any CPU = Debug|Any CPU
		Release|Any CPU = Release|Any CPU
	EndGlobalSection
	GlobalSection(ProjectConfigurationPlatforms) = postSolution
		{8A3F0E10-7E47-4A2B-9C84-7F3B6E7A1B12}.Debug|Any CPU.ActiveCfg = Debug|Any CPU
		{8A3F0E10-7E47-4A2B-9C84-7F3B6E7A1B12}.Debug|Any CPU.Build.0 = Debug|Any CPU
		{8A3F0E10-7E47-4A2B-9C84-7F3B6E7A1B12}.Release|Any CPU.ActiveCfg = Release|Any CPU
		{8A3F0E10-7E47-4A2B-9C84-7F3B6E7A1B12}.Release|Any CPU.Build.0 = Release|Any CPU
		{A45C3D84-FAFA-4D18-833D-4C54E53E8893}.Debug|Any CPU.ActiveCfg = Debug|Any CPU
		{A45C3D84-FAFA-4D18-833D-4C54E53E8893}.Debug|Any CPU.Build.0 = Debug|Any CPU
		{A45C3D84-FAFA-4D18-833D-4C54E53E8893}.Release|Any CPU.ActiveCfg = Release|Any CPU
		{A45C3D84-FAFA-4D18-833D-4C54E53E8893}.Release|Any CPU.Build.0 = Release|Any CPU
	EndGlobalSection
	GlobalSection(SolutionProperties) = preSolution
		HideSolutionNode = FALSE
	EndGlobalSection
EndGlobal
